
Microsoft Visual Studio Solution File, Format Version 12.00
# Visual Studio Version 16
VisualStudioVersion = 16.0.29409.12
MinimumVisualStudioVersion = 10.0.40219.1
Project("{FAE04EC0-301F-11D3-BF4B-00C04F79EFBC}") = "EventFlow.Example", "EventFlow.Example\EventFlow.Example.csproj", "{F67006E8-2887-4B2C-8049-63BDC8AE0F00}"
EndProject
Project("{9A19103F-16F7-4668-BE54-9A1E7A4F7556}") = "EventStore", "EventStore\EventStore.csproj", "{DF87F930-BF1C-4932-9C51-75591E14FEAE}"
EndProject
Project("{9A19103F-16F7-4668-BE54-9A1E7A4F7556}") = "SyncEventHandler", "SyncEventHandler\SyncEventHandler.csproj", "{D7582390-EBAD-4EBD-BEEA-8AE8584E7880}"
EndProject
Global
	GlobalSection(SolutionConfigurationPlatforms) = preSolution
		Debug|Any CPU = Debug|Any CPU
		Release|Any CPU = Release|Any CPU
	EndGlobalSection
	GlobalSection(ProjectConfigurationPlatforms) = postSolution
		{F67006E8-2887-4B2C-8049-63BDC8AE0F00}.Debug|Any CPU.ActiveCfg = Debug|Any CPU
		{F67006E8-2887-4B2C-8049-63BDC8AE0F00}.Debug|Any CPU.Build.0 = Debug|Any CPU
		{F67006E8-2887-4B2C-8049-63BDC8AE0F00}.Release|Any CPU.ActiveCfg = Release|Any CPU
		{F67006E8-2887-4B2C-8049-63BDC8AE0F00}.Release|Any CPU.Build.0 = Release|Any CPU
		{DF87F930-BF1C-4932-9C51-75591E14FEAE}.Debug|Any CPU.ActiveCfg = Debug|Any CPU
		{DF87F930-BF1C-4932-9C51-75591E14FEAE}.Debug|Any CPU.Build.0 = Debug|Any CPU
		{DF87F930-BF1C-4932-9C51-75591E14FEAE}.Release|Any CPU.ActiveCfg = Release|Any CPU
		{DF87F930-BF1C-4932-9C51-75591E14FEAE}.Release|Any CPU.Build.0 = Release|Any CPU
		{D7582390-EBAD-4EBD-BEEA-8AE8584E7880}.Debug|Any CPU.ActiveCfg = Debug|Any CPU
		{D7582390-EBAD-4EBD-BEEA-8AE8584E7880}.Debug|Any CPU.Build.0 = Debug|Any CPU
		{D7582390-EBAD-4EBD-BEEA-8AE8584E7880}.Release|Any CPU.ActiveCfg = Release|Any CPU
		{D7582390-EBAD-4EBD-BEEA-8AE8584E7880}.Release|Any CPU.Build.0 = Release|Any CPU
	EndGlobalSection
	GlobalSection(SolutionProperties) = preSolution
		HideSolutionNode = FALSE
	EndGlobalSection
	GlobalSection(ExtensibilityGlobals) = postSolution
		SolutionGuid = {9DC7F542-AB1D-4C23-81B9-1889AEC99EEF}
	EndGlobalSection
EndGlobal
